
Microsoft Visual Studio Solution File, Format Version 12.00
# Visual Studio Version 17
VisualStudioVersion = 17.7.34031.279
MinimumVisualStudioVersion = 10.0.40219.1
Project("{FAE04EC0-301F-11D3-BF4B-00C04F79EFBC}") = "ConvertBetweenDatatype", "ConvertBetweenDatatype\ConvertBetweenDatatype.csproj", "{677FCAE1-9AE7-457E-8A0B-0C9684F1279A}"
EndProject
Global
	GlobalSection(SolutionConfigurationPlatforms) = preSolution
		Debug|Any CPU = Debug|Any CPU
		Release|Any CPU = Release|Any CPU
	EndGlobalSection
	GlobalSection(ProjectConfigurationPlatforms) = postSolution
		{677FCAE1-9AE7-457E-8A0B-0C9684F1279A}.Debug|Any CPU.ActiveCfg = Debug|Any CPU
		{677FCAE1-9AE7-457E-8A0B-0C9684F1279A}.Debug|Any CPU.Build.0 = Debug|Any CPU
		{677FCAE1-9AE7-457E-8A0B-0C9684F1279A}.Release|Any CPU.ActiveCfg = Release|Any CPU
		{677FCAE1-9AE7-457E-8A0B-0C9684F1279A}.Release|Any CPU.Build.0 = Release|Any CPU
	EndGlobalSection
	GlobalSection(SolutionProperties) = preSolution
		HideSolutionNode = FALSE
	EndGlobalSection
	GlobalSection(ExtensibilityGlobals) = postSolution
		SolutionGuid = {C4154DB3-511A-44EB-9208-78B7D4CF18EB}
	EndGlobalSection
EndGlobal
