
Microsoft Visual Studio Solution File, Format Version 12.00
# Visual Studio Version 17
VisualStudioVersion = 17.7.34031.279
MinimumVisualStudioVersion = 10.0.40219.1
Project("{FAE04EC0-301F-11D3-BF4B-00C04F79EFBC}") = "UserInput", "UserInput\UserInput.csproj", "{D81B0074-E9EE-4CB4-9167-748FA51B385E}"
EndProject
Global
	GlobalSection(SolutionConfigurationPlatforms) = preSolution
		Debug|Any CPU = Debug|Any CPU
		Release|Any CPU = Release|Any CPU
	EndGlobalSection
	GlobalSection(ProjectConfigurationPlatforms) = postSolution
		{D81B0074-E9EE-4CB4-9167-748FA51B385E}.Debug|Any CPU.ActiveCfg = Debug|Any CPU
		{D81B0074-E9EE-4CB4-9167-748FA51B385E}.Debug|Any CPU.Build.0 = Debug|Any CPU
		{D81B0074-E9EE-4CB4-9167-748FA51B385E}.Release|Any CPU.ActiveCfg = Release|Any CPU
		{D81B0074-E9EE-4CB4-9167-748FA51B385E}.Release|Any CPU.Build.0 = Release|Any CPU
	EndGlobalSection
	GlobalSection(SolutionProperties) = preSolution
		HideSolutionNode = FALSE
	EndGlobalSection
	GlobalSection(ExtensibilityGlobals) = postSolution
		SolutionGuid = {78506E51-65CF-4CCB-BCBD-B7FE964F36B0}
	EndGlobalSection
EndGlobal
