
Microsoft Visual Studio Solution File, Format Version 12.00
# Visual Studio Version 17
VisualStudioVersion = 17.7.34031.279
MinimumVisualStudioVersion = 10.0.40219.1
Project("{FAE04EC0-301F-11D3-BF4B-00C04F79EFBC}") = "JokesWebApp", "JokesWebApp\JokesWebApp.csproj", "{D057CE0A-DE20-4E45-9EAC-30FF3EF4906F}"
EndProject
Global
	GlobalSection(SolutionConfigurationPlatforms) = preSolution
		Debug|Any CPU = Debug|Any CPU
		Release|Any CPU = Release|Any CPU
	EndGlobalSection
	GlobalSection(ProjectConfigurationPlatforms) = postSolution
		{D057CE0A-DE20-4E45-9EAC-30FF3EF4906F}.Debug|Any CPU.ActiveCfg = Debug|Any CPU
		{D057CE0A-DE20-4E45-9EAC-30FF3EF4906F}.Debug|Any CPU.Build.0 = Debug|Any CPU
		{D057CE0A-DE20-4E45-9EAC-30FF3EF4906F}.Release|Any CPU.ActiveCfg = Release|Any CPU
		{D057CE0A-DE20-4E45-9EAC-30FF3EF4906F}.Release|Any CPU.Build.0 = Release|Any CPU
	EndGlobalSection
	GlobalSection(SolutionProperties) = preSolution
		HideSolutionNode = FALSE
	EndGlobalSection
	GlobalSection(ExtensibilityGlobals) = postSolution
		SolutionGuid = {DD18AE1F-D702-4372-9765-9697AF41C32F}
	EndGlobalSection
EndGlobal
