
Microsoft Visual Studio Solution File, Format Version 12.00
# Visual Studio Version 17
VisualStudioVersion = 17.7.34031.279
MinimumVisualStudioVersion = 10.0.40219.1
Project("{FAE04EC0-301F-11D3-BF4B-00C04F79EFBC}") = "Linq", "Linq\Linq.csproj", "{4D3711B9-87D7-445A-BC94-409B2CF34AF8}"
EndProject
Global
	GlobalSection(SolutionConfigurationPlatforms) = preSolution
		Debug|Any CPU = Debug|Any CPU
		Release|Any CPU = Release|Any CPU
	EndGlobalSection
	GlobalSection(ProjectConfigurationPlatforms) = postSolution
		{4D3711B9-87D7-445A-BC94-409B2CF34AF8}.Debug|Any CPU.ActiveCfg = Debug|Any CPU
		{4D3711B9-87D7-445A-BC94-409B2CF34AF8}.Debug|Any CPU.Build.0 = Debug|Any CPU
		{4D3711B9-87D7-445A-BC94-409B2CF34AF8}.Release|Any CPU.ActiveCfg = Release|Any CPU
		{4D3711B9-87D7-445A-BC94-409B2CF34AF8}.Release|Any CPU.Build.0 = Release|Any CPU
	EndGlobalSection
	GlobalSection(SolutionProperties) = preSolution
		HideSolutionNode = FALSE
	EndGlobalSection
	GlobalSection(ExtensibilityGlobals) = postSolution
		SolutionGuid = {26674EBA-3C61-48FE-9F4A-0C476AD60CB7}
	EndGlobalSection
EndGlobal
